{
  "name": "@typed-mxgraph/typed-mxgraph",
  "version": "0.0.1",
  "lockfileVersion": 1,
  "requires": true,
  "dependencies": {
    "@types/node": {
      "version": "14.0.27",
      "resolved": "https://registry.npm.taobao.org/@types/node/download/@types/node-14.0.27.tgz?cache=0&sync_timestamp=1596840610467&other_urls=https%3A%2F%2Fregistry.npm.taobao.org%2F%40types%2Fnode%2Fdownload%2F%40types%2Fnode-14.0.27.tgz",
      "integrity": "sha1-oVGHOvWl6FG1GzsGXJ5jOQqeDrE=",
      "dev": true
    },
    "typescript": {
      "version": "3.9.3",
      "resolved": "https://registry.npm.taobao.org/typescript/download/typescript-3.9.3.tgz?cache=0&sync_timestamp=1590997616990&other_urls=https%3A%2F%2Fregistry.npm.taobao.org%2Ftypescript%2Fdownload%2Ftypescript-3.9.3.tgz",
      "integrity": "sha1-06yIg6l8JhOeQt9ek+7s4z1hC4o=",
      "dev": true
    }
  }
}
